
Microsoft Visual Studio Solution File, Format Version 12.00
# Visual Studio Version 17
VisualStudioVersion = 17.3.32519.111
MinimumVisualStudioVersion = 10.0.40219.1
Project("{FAE04EC0-301F-11D3-BF4B-00C04F79EFBC}") = "MentoringDI", "MentoringDI\MentoringDI.csproj", "{AE614024-5875-4032-B1EF-624554AB2BC3}"
EndProject
Project("{FAE04EC0-301F-11D3-BF4B-00C04F79EFBC}") = "MyDataAccess", "MyDataAccess\MyDataAccess.csproj", "{96CA40DC-B514-4C70-B951-9A753D59D506}"
EndProject
Global
	GlobalSection(SolutionConfigurationPlatforms) = preSolution
		Debug|Any CPU = Debug|Any CPU
		Release|Any CPU = Release|Any CPU
	EndGlobalSection
	GlobalSection(ProjectConfigurationPlatforms) = postSolution
		{AE614024-5875-4032-B1EF-624554AB2BC3}.Debug|Any CPU.ActiveCfg = Debug|Any CPU
		{AE614024-5875-4032-B1EF-624554AB2BC3}.Debug|Any CPU.Build.0 = Debug|Any CPU
		{AE614024-5875-4032-B1EF-624554AB2BC3}.Release|Any CPU.ActiveCfg = Release|Any CPU
		{AE614024-5875-4032-B1EF-624554AB2BC3}.Release|Any CPU.Build.0 = Release|Any CPU
		{96CA40DC-B514-4C70-B951-9A753D59D506}.Debug|Any CPU.ActiveCfg = Debug|Any CPU
		{96CA40DC-B514-4C70-B951-9A753D59D506}.Debug|Any CPU.Build.0 = Debug|Any CPU
		{96CA40DC-B514-4C70-B951-9A753D59D506}.Release|Any CPU.ActiveCfg = Release|Any CPU
		{96CA40DC-B514-4C70-B951-9A753D59D506}.Release|Any CPU.Build.0 = Release|Any CPU
	EndGlobalSection
	GlobalSection(SolutionProperties) = preSolution
		HideSolutionNode = FALSE
	EndGlobalSection
	GlobalSection(ExtensibilityGlobals) = postSolution
		SolutionGuid = {ED222D40-0668-4AFD-AA7B-2DA9C3722434}
	EndGlobalSection
EndGlobal
